// !$*UTF8*$!
{
	archiveVersion = 1;
	classes = {
	};
	objectVersion = 46;
	objects = {

/* Begin PBXBuildFile section */
		E04B1D941619975600D805EE /* CoreGraphics.framework in Frameworks */ = {isa = PBXBuildFile; fileRef = E04B1D931619975600D805EE /* CoreGraphics.framework */; };
		E04B1FAE161999EE00D805EE /* NSObject+SBJson.m in Sources */ = {isa = PBXBuildFile; fileRef = E04B1F96161999EE00D805EE /* NSObject+SBJson.m */; };
		E04B1FAF161999EE00D805EE /* SBJsonParser.m in Sources */ = {isa = PBXBuildFile; fileRef = E04B1F99161999EE00D805EE /* SBJsonParser.m */; };
		E04B1FB0161999EE00D805EE /* SBJsonStreamParser.m in Sources */ = {isa = PBXBuildFile; fileRef = E04B1F9B161999EE00D805EE /* SBJsonStreamParser.m */; };
		E04B1FB1161999EE00D805EE /* SBJsonStreamParserAccumulator.m in Sources */ = {isa = PBXBuildFile; fileRef = E04B1F9D161999EE00D805EE /* SBJsonStreamParserAccumulator.m */; };
		E04B1FB2161999EE00D805EE /* SBJsonStreamParserAdapter.m in Sources */ = {isa = PBXBuildFile; fileRef = E04B1F9F161999EE00D805EE /* SBJsonStreamParserAdapter.m */; };
		E04B1FB3161999EE00D805EE /* SBJsonStreamParserState.m in Sources */ = {isa = PBXBuildFile; fileRef = E04B1FA1161999EE00D805EE /* SBJsonStreamParserState.m */; };
		E04B1FB4161999EE00D805EE /* SBJsonStreamWriter.m in Sources */ = {isa = PBXBuildFile; fileRef = E04B1FA3161999EE00D805EE /* SBJsonStreamWriter.m */; };
		E04B1FB5161999EE00D805EE /* SBJsonStreamWriterAccumulator.m in Sources */ = {isa = PBXBuildFile; fileRef = E04B1FA5161999EE00D805EE /* SBJsonStreamWriterAccumulator.m */; };
		E04B1FB6161999EE00D805EE /* SBJsonStreamWriterState.m in Sources */ = {isa = PBXBuildFile; fileRef = E04B1FA7161999EE00D805EE /* SBJsonStreamWriterState.m */; };
		E04B1FB7161999EE00D805EE /* SBJsonTokeniser.m in Sources */ = {isa = PBXBuildFile; fileRef = E04B1FA9161999EE00D805EE /* SBJsonTokeniser.m */; };
		E04B1FB8161999EE00D805EE /* SBJsonUTF8Stream.m in Sources */ = {isa = PBXBuildFile; fileRef = E04B1FAB161999EE00D805EE /* SBJsonUTF8Stream.m */; };
		E04B1FB9161999EE00D805EE /* SBJsonWriter.m in Sources */ = {isa = PBXBuildFile; fileRef = E04B1FAD161999EE00D805EE /* SBJsonWriter.m */; };
		E04B1FC1161A1B5200D805EE /* UIKit.framework in Frameworks */ = {isa = PBXBuildFile; fileRef = E04B1FC0161A1B5200D805EE /* UIKit.framework */; };
		E04B1FF6161A3B5100D805EE /* SGCountry.m in Sources */ = {isa = PBXBuildFile; fileRef = E04B1FF3161A3B5100D805EE /* SGCountry.m */; };
		E04B1FF7161A3B5100D805EE /* SimpleGeocoding.m in Sources */ = {isa = PBXBuildFile; fileRef = E04B1FF5161A3B5100D805EE /* SimpleGeocoding.m */; };
		E04B29C1161A4D2800D805EE /* QuartzCore.framework in Frameworks */ = {isa = PBXBuildFile; fileRef = E04B29BF161A4D0F00D805EE /* QuartzCore.framework */; };
		E04B29C2161A4F8800D805EE /* CoreGraphics.framework in Frameworks */ = {isa = PBXBuildFile; fileRef = E04B1D931619975600D805EE /* CoreGraphics.framework */; };
		E04B29C3161A4F9300D805EE /* UIKit.framework in Frameworks */ = {isa = PBXBuildFile; fileRef = E04B1FC0161A1B5200D805EE /* UIKit.framework */; };
		E0D66E4516AAB758007AC9AC /* SGWorld.m in Sources */ = {isa = PBXBuildFile; fileRef = E0D66E4416AAB758007AC9AC /* SGWorld.m */; };
		E0D66E4E16AC669C007AC9AC /* world.bundle in Resources */ = {isa = PBXBuildFile; fileRef = E0D66E4D16AC669C007AC9AC /* world.bundle */; };
		E0F9DDEB16172811006325EF /* Foundation.framework in Frameworks */ = {isa = PBXBuildFile; fileRef = E0F9DDEA16172811006325EF /* Foundation.framework */; };
		E0F9DDFA16172811006325EF /* SenTestingKit.framework in Frameworks */ = {isa = PBXBuildFile; fileRef = E0F9DDF916172811006325EF /* SenTestingKit.framework */; };
		E0F9DDFD16172811006325EF /* Foundation.framework in Frameworks */ = {isa = PBXBuildFile; fileRef = E0F9DDEA16172811006325EF /* Foundation.framework */; };
		E0F9DE0016172811006325EF /* libSimpleGeocoding.a in Frameworks */ = {isa = PBXBuildFile; fileRef = E0F9DDE716172811006325EF /* libSimpleGeocoding.a */; };
		E0F9DE0616172811006325EF /* InfoPlist.strings in Resources */ = {isa = PBXBuildFile; fileRef = E0F9DE0416172811006325EF /* InfoPlist.strings */; };
		E0F9DE0916172811006325EF /* SimpleGeocodingTests.m in Sources */ = {isa = PBXBuildFile; fileRef = E0F9DE0816172811006325EF /* SimpleGeocodingTests.m */; };
		E0F9DE4516174B27006325EF /* CoreLocation.framework in Frameworks */ = {isa = PBXBuildFile; fileRef = E0F9DE4416174B27006325EF /* CoreLocation.framework */; };
		E0F9DE46161751F8006325EF /* CoreLocation.framework in Frameworks */ = {isa = PBXBuildFile; fileRef = E0F9DE4416174B27006325EF /* CoreLocation.framework */; };
/* End PBXBuildFile section */

/* Begin PBXContainerItemProxy section */
		E0F9DDFE16172811006325EF /* PBXContainerItemProxy */ = {
			isa = PBXContainerItemProxy;
			containerPortal = E0F9DDDE16172811006325EF /* Project object */;
			proxyType = 1;
			remoteGlobalIDString = E0F9DDE616172811006325EF;
			remoteInfo = SimpleGeocoding;
		};
/* End PBXContainerItemProxy section */

/* Begin PBXCopyFilesBuildPhase section */
		E0F9DDE516172811006325EF /* CopyFiles */ = {
			isa = PBXCopyFilesBuildPhase;
			buildActionMask = 2147483647;
			dstPath = "include/${PRODUCT_NAME}";
			dstSubfolderSpec = 16;
			files = (
			);
			runOnlyForDeploymentPostprocessing = 0;
		};
/* End PBXCopyFilesBuildPhase section */

/* Begin PBXFileReference section */
		E04B1D931619975600D805EE /* CoreGraphics.framework */ = {isa = PBXFileReference; lastKnownFileType = wrapper.framework; name = CoreGraphics.framework; path = System/Library/Frameworks/CoreGraphics.framework; sourceTree = SDKROOT; };
		E04B1F95161999EE00D805EE /* NSObject+SBJson.h */ = {isa = PBXFileReference; fileEncoding = 4; lastKnownFileType = sourcecode.c.h; path = "NSObject+SBJson.h"; sourceTree = "<group>"; };
		E04B1F96161999EE00D805EE /* NSObject+SBJson.m */ = {isa = PBXFileReference; fileEncoding = 4; lastKnownFileType = sourcecode.c.objc; path = "NSObject+SBJson.m"; sourceTree = "<group>"; };
		E04B1F97161999EE00D805EE /* SBJson.h */ = {isa = PBXFileReference; fileEncoding = 4; lastKnownFileType = sourcecode.c.h; path = SBJson.h; sourceTree = "<group>"; };
		E04B1F98161999EE00D805EE /* SBJsonParser.h */ = {isa = PBXFileReference; fileEncoding = 4; lastKnownFileType = sourcecode.c.h; path = SBJsonParser.h; sourceTree = "<group>"; };
		E04B1F99161999EE00D805EE /* SBJsonParser.m */ = {isa = PBXFileReference; fileEncoding = 4; lastKnownFileType = sourcecode.c.objc; path = SBJsonParser.m; sourceTree = "<group>"; };
		E04B1F9A161999EE00D805EE /* SBJsonStreamParser.h */ = {isa = PBXFileReference; fileEncoding = 4; lastKnownFileType = sourcecode.c.h; path = SBJsonStreamParser.h; sourceTree = "<group>"; };
		E04B1F9B161999EE00D805EE /* SBJsonStreamParser.m */ = {isa = PBXFileReference; fileEncoding = 4; lastKnownFileType = sourcecode.c.objc; path = SBJsonStreamParser.m; sourceTree = "<group>"; };
		E04B1F9C161999EE00D805EE /* SBJsonStreamParserAccumulator.h */ = {isa = PBXFileReference; fileEncoding = 4; lastKnownFileType = sourcecode.c.h; path = SBJsonStreamParserAccumulator.h; sourceTree = "<group>"; };
		E04B1F9D161999EE00D805EE /* SBJsonStreamParserAccumulator.m */ = {isa = PBXFileReference; fileEncoding = 4; lastKnownFileType = sourcecode.c.objc; path = SBJsonStreamParserAccumulator.m; sourceTree = "<group>"; };
		E04B1F9E161999EE00D805EE /* SBJsonStreamParserAdapter.h */ = {isa = PBXFileReference; fileEncoding = 4; lastKnownFileType = sourcecode.c.h; path = SBJsonStreamParserAdapter.h; sourceTree = "<group>"; };
		E04B1F9F161999EE00D805EE /* SBJsonStreamParserAdapter.m */ = {isa = PBXFileReference; fileEncoding = 4; lastKnownFileType = sourcecode.c.objc; path = SBJsonStreamParserAdapter.m; sourceTree = "<group>"; };
		E04B1FA0161999EE00D805EE /* SBJsonStreamParserState.h */ = {isa = PBXFileReference; fileEncoding = 4; lastKnownFileType = sourcecode.c.h; path = SBJsonStreamParserState.h; sourceTree = "<group>"; };
		E04B1FA1161999EE00D805EE /* SBJsonStreamParserState.m */ = {isa = PBXFileReference; fileEncoding = 4; lastKnownFileType = sourcecode.c.objc; path = SBJsonStreamParserState.m; sourceTree = "<group>"; };
		E04B1FA2161999EE00D805EE /* SBJsonStreamWriter.h */ = {isa = PBXFileReference; fileEncoding = 4; lastKnownFileType = sourcecode.c.h; path = SBJsonStreamWriter.h; sourceTree = "<group>"; };
		E04B1FA3161999EE00D805EE /* SBJsonStreamWriter.m */ = {isa = PBXFileReference; fileEncoding = 4; lastKnownFileType = sourcecode.c.objc; path = SBJsonStreamWriter.m; sourceTree = "<group>"; };
		E04B1FA4161999EE00D805EE /* SBJsonStreamWriterAccumulator.h */ = {isa = PBXFileReference; fileEncoding = 4; lastKnownFileType = sourcecode.c.h; path = SBJsonStreamWriterAccumulator.h; sourceTree = "<group>"; };
		E04B1FA5161999EE00D805EE /* SBJsonStreamWriterAccumulator.m */ = {isa = PBXFileReference; fileEncoding = 4; lastKnownFileType = sourcecode.c.objc; path = SBJsonStreamWriterAccumulator.m; sourceTree = "<group>"; };
		E04B1FA6161999EE00D805EE /* SBJsonStreamWriterState.h */ = {isa = PBXFileReference; fileEncoding = 4; lastKnownFileType = sourcecode.c.h; path = SBJsonStreamWriterState.h; sourceTree = "<group>"; };
		E04B1FA7161999EE00D805EE /* SBJsonStreamWriterState.m */ = {isa = PBXFileReference; fileEncoding = 4; lastKnownFileType = sourcecode.c.objc; path = SBJsonStreamWriterState.m; sourceTree = "<group>"; };
		E04B1FA8161999EE00D805EE /* SBJsonTokeniser.h */ = {isa = PBXFileReference; fileEncoding = 4; lastKnownFileType = sourcecode.c.h; path = SBJsonTokeniser.h; sourceTree = "<group>"; };
		E04B1FA9161999EE00D805EE /* SBJsonTokeniser.m */ = {isa = PBXFileReference; fileEncoding = 4; lastKnownFileType = sourcecode.c.objc; path = SBJsonTokeniser.m; sourceTree = "<group>"; };
		E04B1FAA161999EE00D805EE /* SBJsonUTF8Stream.h */ = {isa = PBXFileReference; fileEncoding = 4; lastKnownFileType = sourcecode.c.h; path = SBJsonUTF8Stream.h; sourceTree = "<group>"; };
		E04B1FAB161999EE00D805EE /* SBJsonUTF8Stream.m */ = {isa = PBXFileReference; fileEncoding = 4; lastKnownFileType = sourcecode.c.objc; path = SBJsonUTF8Stream.m; sourceTree = "<group>"; };
		E04B1FAC161999EE00D805EE /* SBJsonWriter.h */ = {isa = PBXFileReference; fileEncoding = 4; lastKnownFileType = sourcecode.c.h; path = SBJsonWriter.h; sourceTree = "<group>"; };
		E04B1FAD161999EE00D805EE /* SBJsonWriter.m */ = {isa = PBXFileReference; fileEncoding = 4; lastKnownFileType = sourcecode.c.objc; path = SBJsonWriter.m; sourceTree = "<group>"; };
		E04B1FC0161A1B5200D805EE /* UIKit.framework */ = {isa = PBXFileReference; lastKnownFileType = wrapper.framework; name = UIKit.framework; path = System/Library/Frameworks/UIKit.framework; sourceTree = SDKROOT; };
		E04B1FF2161A3B5100D805EE /* SGCountry.h */ = {isa = PBXFileReference; fileEncoding = 4; lastKnownFileType = sourcecode.c.h; name = SGCountry.h; path = Classes/SGCountry.h; sourceTree = "<group>"; };
		E04B1FF3161A3B5100D805EE /* SGCountry.m */ = {isa = PBXFileReference; fileEncoding = 4; lastKnownFileType = sourcecode.c.objc; name = SGCountry.m; path = Classes/SGCountry.m; sourceTree = "<group>"; };
		E04B1FF4161A3B5100D805EE /* SimpleGeocoding.h */ = {isa = PBXFileReference; fileEncoding = 4; lastKnownFileType = sourcecode.c.h; name = SimpleGeocoding.h; path = Classes/SimpleGeocoding.h; sourceTree = "<group>"; };
		E04B1FF5161A3B5100D805EE /* SimpleGeocoding.m */ = {isa = PBXFileReference; fileEncoding = 4; lastKnownFileType = sourcecode.c.objc; name = SimpleGeocoding.m; path = Classes/SimpleGeocoding.m; sourceTree = "<group>"; };
		E04B29BF161A4D0F00D805EE /* QuartzCore.framework */ = {isa = PBXFileReference; lastKnownFileType = wrapper.framework; name = QuartzCore.framework; path = System/Library/Frameworks/QuartzCore.framework; sourceTree = SDKROOT; };
		E0D66E4316AAB758007AC9AC /* SGWorld.h */ = {isa = PBXFileReference; fileEncoding = 4; lastKnownFileType = sourcecode.c.h; name = SGWorld.h; path = Classes/SGWorld.h; sourceTree = "<group>"; };
		E0D66E4416AAB758007AC9AC /* SGWorld.m */ = {isa = PBXFileReference; fileEncoding = 4; lastKnownFileType = sourcecode.c.objc; name = SGWorld.m; path = Classes/SGWorld.m; sourceTree = "<group>"; };
		E0D66E4D16AC669C007AC9AC /* world.bundle */ = {isa = PBXFileReference; lastKnownFileType = "wrapper.plug-in"; name = world.bundle; path = Resources/world.bundle; sourceTree = "<group>"; };
		E0F9DDE716172811006325EF /* libSimpleGeocoding.a */ = {isa = PBXFileReference; explicitFileType = archive.ar; includeInIndex = 0; path = libSimpleGeocoding.a; sourceTree = BUILT_PRODUCTS_DIR; };
		E0F9DDEA16172811006325EF /* Foundation.framework */ = {isa = PBXFileReference; lastKnownFileType = wrapper.framework; name = Foundation.framework; path = System/Library/Frameworks/Foundation.framework; sourceTree = SDKROOT; };
		E0F9DDEE16172811006325EF /* SimpleGeocoding-Prefix.pch */ = {isa = PBXFileReference; lastKnownFileType = sourcecode.c.h; path = "SimpleGeocoding-Prefix.pch"; sourceTree = "<group>"; };
		E0F9DDF816172811006325EF /* SimpleGeocodingTests.octest */ = {isa = PBXFileReference; explicitFileType = wrapper.cfbundle; includeInIndex = 0; path = SimpleGeocodingTests.octest; sourceTree = BUILT_PRODUCTS_DIR; };
		E0F9DDF916172811006325EF /* SenTestingKit.framework */ = {isa = PBXFileReference; lastKnownFileType = wrapper.framework; name = SenTestingKit.framework; path = Library/Frameworks/SenTestingKit.framework; sourceTree = DEVELOPER_DIR; };
		E0F9DE0316172811006325EF /* SimpleGeocodingTests-Info.plist */ = {isa = PBXFileReference; lastKnownFileType = text.plist.xml; path = "SimpleGeocodingTests-Info.plist"; sourceTree = "<group>"; };
		E0F9DE0516172811006325EF /* en */ = {isa = PBXFileReference; lastKnownFileType = text.plist.strings; name = en; path = en.lproj/InfoPlist.strings; sourceTree = "<group>"; };
		E0F9DE0716172811006325EF /* SimpleGeocodingTests.h */ = {isa = PBXFileReference; lastKnownFileType = sourcecode.c.h; path = SimpleGeocodingTests.h; sourceTree = "<group>"; };
		E0F9DE0816172811006325EF /* SimpleGeocodingTests.m */ = {isa = PBXFileReference; lastKnownFileType = sourcecode.c.objc; path = SimpleGeocodingTests.m; sourceTree = "<group>"; };
		E0F9DE4416174B27006325EF /* CoreLocation.framework */ = {isa = PBXFileReference; lastKnownFileType = wrapper.framework; name = CoreLocation.framework; path = System/Library/Frameworks/CoreLocation.framework; sourceTree = SDKROOT; };
/* End PBXFileReference section */

/* Begin PBXFrameworksBuildPhase section */
		E0F9DDE416172811006325EF /* Frameworks */ = {
			isa = PBXFrameworksBuildPhase;
			buildActionMask = 2147483647;
			files = (
				E04B29C1161A4D2800D805EE /* QuartzCore.framework in Frameworks */,
				E04B1FC1161A1B5200D805EE /* UIKit.framework in Frameworks */,
				E04B1D941619975600D805EE /* CoreGraphics.framework in Frameworks */,
				E0F9DE4516174B27006325EF /* CoreLocation.framework in Frameworks */,
				E0F9DDEB16172811006325EF /* Foundation.framework in Frameworks */,
			);
			runOnlyForDeploymentPostprocessing = 0;
		};
		E0F9DDF416172811006325EF /* Frameworks */ = {
			isa = PBXFrameworksBuildPhase;
			buildActionMask = 2147483647;
			files = (
				E04B29C3161A4F9300D805EE /* UIKit.framework in Frameworks */,
				E04B29C2161A4F8800D805EE /* CoreGraphics.framework in Frameworks */,
				E0F9DE0016172811006325EF /* libSimpleGeocoding.a in Frameworks */,
				E0F9DE46161751F8006325EF /* CoreLocation.framework in Frameworks */,
				E0F9DDFA16172811006325EF /* SenTestingKit.framework in Frameworks */,
				E0F9DDFD16172811006325EF /* Foundation.framework in Frameworks */,
			);
			runOnlyForDeploymentPostprocessing = 0;
		};
/* End PBXFrameworksBuildPhase section */

/* Begin PBXGroup section */
		E04B1D96161999BE00D805EE /* json-framework */ = {
			isa = PBXGroup;
			children = (
				E04B1F94161999EE00D805EE /* Classes */,
			);
			name = "json-framework";
			path = "lib/json-framework";
			sourceTree = "<group>";
		};
		E04B1F94161999EE00D805EE /* Classes */ = {
			isa = PBXGroup;
			children = (
				E04B1F95161999EE00D805EE /* NSObject+SBJson.h */,
				E04B1F96161999EE00D805EE /* NSObject+SBJson.m */,
				E04B1F97161999EE00D805EE /* SBJson.h */,
				E04B1F98161999EE00D805EE /* SBJsonParser.h */,
				E04B1F99161999EE00D805EE /* SBJsonParser.m */,
				E04B1F9A161999EE00D805EE /* SBJsonStreamParser.h */,
				E04B1F9B161999EE00D805EE /* SBJsonStreamParser.m */,
				E04B1F9C161999EE00D805EE /* SBJsonStreamParserAccumulator.h */,
				E04B1F9D161999EE00D805EE /* SBJsonStreamParserAccumulator.m */,
				E04B1F9E161999EE00D805EE /* SBJsonStreamParserAdapter.h */,
				E04B1F9F161999EE00D805EE /* SBJsonStreamParserAdapter.m */,
				E04B1FA0161999EE00D805EE /* SBJsonStreamParserState.h */,
				E04B1FA1161999EE00D805EE /* SBJsonStreamParserState.m */,
				E04B1FA2161999EE00D805EE /* SBJsonStreamWriter.h */,
				E04B1FA3161999EE00D805EE /* SBJsonStreamWriter.m */,
				E04B1FA4161999EE00D805EE /* SBJsonStreamWriterAccumulator.h */,
				E04B1FA5161999EE00D805EE /* SBJsonStreamWriterAccumulator.m */,
				E04B1FA6161999EE00D805EE /* SBJsonStreamWriterState.h */,
				E04B1FA7161999EE00D805EE /* SBJsonStreamWriterState.m */,
				E04B1FA8161999EE00D805EE /* SBJsonTokeniser.h */,
				E04B1FA9161999EE00D805EE /* SBJsonTokeniser.m */,
				E04B1FAA161999EE00D805EE /* SBJsonUTF8Stream.h */,
				E04B1FAB161999EE00D805EE /* SBJsonUTF8Stream.m */,
				E04B1FAC161999EE00D805EE /* SBJsonWriter.h */,
				E04B1FAD161999EE00D805EE /* SBJsonWriter.m */,
			);
			path = Classes;
			sourceTree = "<group>";
		};
		E04B1FBE161A120000D805EE /* Resources */ = {
			isa = PBXGroup;
			children = (
				E0D66E4D16AC669C007AC9AC /* world.bundle */,
			);
			name = Resources;
			sourceTree = "<group>";
		};
		E04B1FF1161A3B3D00D805EE /* Classes */ = {
			isa = PBXGroup;
			children = (
				E04B1FF2161A3B5100D805EE /* SGCountry.h */,
				E04B1FF3161A3B5100D805EE /* SGCountry.m */,
				E0D66E4316AAB758007AC9AC /* SGWorld.h */,
				E0D66E4416AAB758007AC9AC /* SGWorld.m */,
				E04B1FF4161A3B5100D805EE /* SimpleGeocoding.h */,
				E04B1FF5161A3B5100D805EE /* SimpleGeocoding.m */,
			);
			name = Classes;
			sourceTree = "<group>";
		};
		E0F9DDDC16172811006325EF = {
			isa = PBXGroup;
			children = (
				E0F9DDEC16172811006325EF /* SimpleGeocoding */,
				E0F9DE0116172811006325EF /* SimpleGeocodingTests */,
				E0F9DDE916172811006325EF /* Frameworks */,
				E0F9DDE816172811006325EF /* Products */,
			);
			sourceTree = "<group>";
		};
		E0F9DDE816172811006325EF /* Products */ = {
			isa = PBXGroup;
			children = (
				E0F9DDE716172811006325EF /* libSimpleGeocoding.a */,
				E0F9DDF816172811006325EF /* SimpleGeocodingTests.octest */,
			);
			name = Products;
			sourceTree = "<group>";
		};
		E0F9DDE916172811006325EF /* Frameworks */ = {
			isa = PBXGroup;
			children = (
				E04B29BF161A4D0F00D805EE /* QuartzCore.framework */,
				E04B1FC0161A1B5200D805EE /* UIKit.framework */,
				E04B1D931619975600D805EE /* CoreGraphics.framework */,
				E0F9DE4416174B27006325EF /* CoreLocation.framework */,
				E0F9DDEA16172811006325EF /* Foundation.framework */,
				E0F9DDF916172811006325EF /* SenTestingKit.framework */,
			);
			name = Frameworks;
			sourceTree = "<group>";
		};
		E0F9DDEC16172811006325EF /* SimpleGeocoding */ = {
			isa = PBXGroup;
			children = (
				E04B1FF1161A3B3D00D805EE /* Classes */,
				E04B1FBE161A120000D805EE /* Resources */,
				E0F9DE1C16173E67006325EF /* libs */,
				E0F9DDED16172811006325EF /* Supporting Files */,
			);
			path = SimpleGeocoding;
			sourceTree = "<group>";
		};
		E0F9DDED16172811006325EF /* Supporting Files */ = {
			isa = PBXGroup;
			children = (
				E0F9DDEE16172811006325EF /* SimpleGeocoding-Prefix.pch */,
			);
			name = "Supporting Files";
			sourceTree = "<group>";
		};
		E0F9DE0116172811006325EF /* SimpleGeocodingTests */ = {
			isa = PBXGroup;
			children = (
				E0F9DE0716172811006325EF /* SimpleGeocodingTests.h */,
				E0F9DE0816172811006325EF /* SimpleGeocodingTests.m */,
				E0F9DE0216172811006325EF /* Supporting Files */,
			);
			path = SimpleGeocodingTests;
			sourceTree = "<group>";
		};
		E0F9DE0216172811006325EF /* Supporting Files */ = {
			isa = PBXGroup;
			children = (
				E0F9DE0316172811006325EF /* SimpleGeocodingTests-Info.plist */,
				E0F9DE0416172811006325EF /* InfoPlist.strings */,
			);
			name = "Supporting Files";
			sourceTree = "<group>";
		};
		E0F9DE1C16173E67006325EF /* libs */ = {
			isa = PBXGroup;
			children = (
				E04B1D96161999BE00D805EE /* json-framework */,
			);
			name = libs;
			sourceTree = "<group>";
		};
/* End PBXGroup section */

/* Begin PBXNativeTarget section */
		E0F9DDE616172811006325EF /* SimpleGeocoding */ = {
			isa = PBXNativeTarget;
			buildConfigurationList = E0F9DE0C16172811006325EF /* Build configuration list for PBXNativeTarget "SimpleGeocoding" */;
			buildPhases = (
				E0F9DDE316172811006325EF /* Sources */,
				E0F9DDE416172811006325EF /* Frameworks */,
				E0F9DDE516172811006325EF /* CopyFiles */,
			);
			buildRules = (
			);
			dependencies = (
			);
			name = SimpleGeocoding;
			productName = SimpleGeocoding;
			productReference = E0F9DDE716172811006325EF /* libSimpleGeocoding.a */;
			productType = "com.apple.product-type.library.static";
		};
		E0F9DDF716172811006325EF /* SimpleGeocodingTests */ = {
			isa = PBXNativeTarget;
			buildConfigurationList = E0F9DE0F16172811006325EF /* Build configuration list for PBXNativeTarget "SimpleGeocodingTests" */;
			buildPhases = (
				E0F9DDF316172811006325EF /* Sources */,
				E0F9DDF416172811006325EF /* Frameworks */,
				E0F9DDF516172811006325EF /* Resources */,
				E0F9DDF616172811006325EF /* ShellScript */,
			);
			buildRules = (
			);
			dependencies = (
				E0F9DDFF16172811006325EF /* PBXTargetDependency */,
			);
			name = SimpleGeocodingTests;
			productName = SimpleGeocodingTests;
			productReference = E0F9DDF816172811006325EF /* SimpleGeocodingTests.octest */;
			productType = "com.apple.product-type.bundle";
		};
/* End PBXNativeTarget section */

/* Begin PBXProject section */
		E0F9DDDE16172811006325EF /* Project object */ = {
			isa = PBXProject;
			attributes = {
				LastUpgradeCheck = 0450;
				ORGANIZATIONNAME = Void;
			};
			buildConfigurationList = E0F9DDE116172811006325EF /* Build configuration list for PBXProject "SimpleGeocoding" */;
			compatibilityVersion = "Xcode 3.2";
			developmentRegion = English;
			hasScannedForEncodings = 0;
			knownRegions = (
				en,
			);
			mainGroup = E0F9DDDC16172811006325EF;
			productRefGroup = E0F9DDE816172811006325EF /* Products */;
			projectDirPath = "";
			projectRoot = "";
			targets = (
				E0F9DDE616172811006325EF /* SimpleGeocoding */,
				E0F9DDF716172811006325EF /* SimpleGeocodingTests */,
			);
		};
/* End PBXProject section */

/* Begin PBXResourcesBuildPhase section */
		E0F9DDF516172811006325EF /* Resources */ = {
			isa = PBXResourcesBuildPhase;
			buildActionMask = 2147483647;
			files = (
				E0D66E4E16AC669C007AC9AC /* world.bundle in Resources */,
				E0F9DE0616172811006325EF /* InfoPlist.strings in Resources */,
			);
			runOnlyForDeploymentPostprocessing = 0;
		};
/* End PBXResourcesBuildPhase section */

/* Begin PBXShellScriptBuildPhase section */
		E0F9DDF616172811006325EF /* ShellScript */ = {
			isa = PBXShellScriptBuildPhase;
			buildActionMask = 2147483647;
			files = (
			);
			inputPaths = (
			);
			outputPaths = (
			);
			runOnlyForDeploymentPostprocessing = 0;
			shellPath = /bin/sh;
			shellScript = "# Run the unit tests in this test bundle.\n\"${SYSTEM_DEVELOPER_DIR}/Tools/RunUnitTests\"\n";
		};
/* End PBXShellScriptBuildPhase section */

/* Begin PBXSourcesBuildPhase section */
		E0F9DDE316172811006325EF /* Sources */ = {
			isa = PBXSourcesBuildPhase;
			buildActionMask = 2147483647;
			files = (
				E04B1FAE161999EE00D805EE /* NSObject+SBJson.m in Sources */,
				E04B1FAF161999EE00D805EE /* SBJsonParser.m in Sources */,
				E04B1FB0161999EE00D805EE /* SBJsonStreamParser.m in Sources */,
				E04B1FB1161999EE00D805EE /* SBJsonStreamParserAccumulator.m in Sources */,
				E04B1FB2161999EE00D805EE /* SBJsonStreamParserAdapter.m in Sources */,
				E04B1FB3161999EE00D805EE /* SBJsonStreamParserState.m in Sources */,
				E04B1FB4161999EE00D805EE /* SBJsonStreamWriter.m in Sources */,
				E04B1FB5161999EE00D805EE /* SBJsonStreamWriterAccumulator.m in Sources */,
				E04B1FB6161999EE00D805EE /* SBJsonStreamWriterState.m in Sources */,
				E04B1FB7161999EE00D805EE /* SBJsonTokeniser.m in Sources */,
				E04B1FB8161999EE00D805EE /* SBJsonUTF8Stream.m in Sources */,
				E04B1FB9161999EE00D805EE /* SBJsonWriter.m in Sources */,
				E04B1FF6161A3B5100D805EE /* SGCountry.m in Sources */,
				E04B1FF7161A3B5100D805EE /* SimpleGeocoding.m in Sources */,
				E0D66E4516AAB758007AC9AC /* SGWorld.m in Sources */,
			);
			runOnlyForDeploymentPostprocessing = 0;
		};
		E0F9DDF316172811006325EF /* Sources */ = {
			isa = PBXSourcesBuildPhase;
			buildActionMask = 2147483647;
			files = (
				E0F9DE0916172811006325EF /* SimpleGeocodingTests.m in Sources */,
			);
			runOnlyForDeploymentPostprocessing = 0;
		};
/* End PBXSourcesBuildPhase section */

/* Begin PBXTargetDependency section */
		E0F9DDFF16172811006325EF /* PBXTargetDependency */ = {
			isa = PBXTargetDependency;
			target = E0F9DDE616172811006325EF /* SimpleGeocoding */;
			targetProxy = E0F9DDFE16172811006325EF /* PBXContainerItemProxy */;
		};
/* End PBXTargetDependency section */

/* Begin PBXVariantGroup section */
		E0F9DE0416172811006325EF /* InfoPlist.strings */ = {
			isa = PBXVariantGroup;
			children = (
				E0F9DE0516172811006325EF /* en */,
			);
			name = InfoPlist.strings;
			sourceTree = "<group>";
		};
/* End PBXVariantGroup section */

/* Begin XCBuildConfiguration section */
		E0F9DE0A16172811006325EF /* Debug */ = {
			isa = XCBuildConfiguration;
			buildSettings = {
				ALWAYS_SEARCH_USER_PATHS = NO;
				CLANG_CXX_LANGUAGE_STANDARD = "gnu++0x";
				CLANG_CXX_LIBRARY = "libc++";
				CLANG_ENABLE_OBJC_ARC = YES;
				CLANG_WARN_EMPTY_BODY = YES;
				CLANG_WARN__DUPLICATE_METHOD_MATCH = YES;
				COPY_PHASE_STRIP = NO;
				GCC_C_LANGUAGE_STANDARD = gnu99;
				GCC_DYNAMIC_NO_PIC = NO;
				GCC_OPTIMIZATION_LEVEL = 0;
				GCC_PREPROCESSOR_DEFINITIONS = (
					"DEBUG=1",
					"$(inherited)",
				);
				GCC_SYMBOLS_PRIVATE_EXTERN = YES;
				GCC_WARN_ABOUT_RETURN_TYPE = YES;
				GCC_WARN_UNINITIALIZED_AUTOS = YES;
				GCC_WARN_UNUSED_VARIABLE = YES;
				IPHONEOS_DEPLOYMENT_TARGET = 4.3;
				SDKROOT = iphoneos;
			};
			name = Debug;
		};
		E0F9DE0D16172811006325EF /* Debug */ = {
			isa = XCBuildConfiguration;
			buildSettings = {
				DSTROOT = /tmp/SimpleGeocoding.dst;
				GCC_PRECOMPILE_PREFIX_HEADER = YES;
				GCC_PREFIX_HEADER = "SimpleGeocoding/SimpleGeocoding-Prefix.pch";
				GCC_SYMBOLS_PRIVATE_EXTERN = YES;
				OTHER_LDFLAGS = "-ObjC";
				PRODUCT_NAME = "$(TARGET_NAME)";
				SKIP_INSTALL = YES;
				TEST_AFTER_BUILD = YES;
			};
			name = Debug;
		};
		E0F9DE1016172811006325EF /* Debug */ = {
			isa = XCBuildConfiguration;
			buildSettings = {
				CODE_SIGN_IDENTITY = "";
				FRAMEWORK_SEARCH_PATHS = (
					"\"$(SDKROOT)/Developer/Library/Frameworks\"",
					"\"$(DEVELOPER_LIBRARY_DIR)/Frameworks\"",
				);
				GCC_PRECOMPILE_PREFIX_HEADER = YES;
				GCC_PREFIX_HEADER = "SimpleGeocoding/SimpleGeocoding-Prefix.pch";
				GCC_SYMBOLS_PRIVATE_EXTERN = NO;
				INFOPLIST_FILE = "SimpleGeocodingTests/SimpleGeocodingTests-Info.plist";
				PRODUCT_NAME = "$(TARGET_NAME)";
				WRAPPER_EXTENSION = octest;
			};
			name = Debug;
		};
		E0F9DE1916173B38006325EF /* Release */ = {
			isa = XCBuildConfiguration;
			buildSettings = {
				ALWAYS_SEARCH_USER_PATHS = NO;
				CLANG_CXX_LANGUAGE_STANDARD = "gnu++0x";
				CLANG_CXX_LIBRARY = "libc++";
				CLANG_ENABLE_OBJC_ARC = YES;
				CLANG_WARN_EMPTY_BODY = YES;
				CLANG_WARN__DUPLICATE_METHOD_MATCH = YES;
				COPY_PHASE_STRIP = NO;
				GCC_C_LANGUAGE_STANDARD = gnu99;
				GCC_DYNAMIC_NO_PIC = NO;
				GCC_OPTIMIZATION_LEVEL = 0;
				GCC_PREPROCESSOR_DEFINITIONS = "$(inherited)";
				GCC_SYMBOLS_PRIVATE_EXTERN = YES;
				GCC_WARN_ABOUT_RETURN_TYPE = YES;
				GCC_WARN_UNINITIALIZED_AUTOS = YES;
				GCC_WARN_UNUSED_VARIABLE = YES;
				IPHONEOS_DEPLOYMENT_TARGET = 4.3;
				SDKROOT = iphoneos;
			};
			name = Release;
		};
		E0F9DE1A16173B38006325EF /* Release */ = {
			isa = XCBuildConfiguration;
			buildSettings = {
				DSTROOT = /tmp/SimpleGeocoding.dst;
				GCC_PRECOMPILE_PREFIX_HEADER = YES;
				GCC_PREFIX_HEADER = "SimpleGeocoding/SimpleGeocoding-Prefix.pch";
				GCC_SYMBOLS_PRIVATE_EXTERN = YES;
				OTHER_LDFLAGS = "-ObjC";
				PRODUCT_NAME = "$(TARGET_NAME)";
				SKIP_INSTALL = YES;
				TEST_AFTER_BUILD = YES;
			};
			name = Release;
		};
		E0F9DE1B16173B38006325EF /* Release */ = {
			isa = XCBuildConfiguration;
			buildSettings = {
				CODE_SIGN_IDENTITY = "";
				FRAMEWORK_SEARCH_PATHS = (
					"\"$(SDKROOT)/Developer/Library/Frameworks\"",
					"\"$(DEVELOPER_LIBRARY_DIR)/Frameworks\"",
				);
				GCC_PRECOMPILE_PREFIX_HEADER = YES;
				GCC_PREFIX_HEADER = "SimpleGeocoding/SimpleGeocoding-Prefix.pch";
				GCC_SYMBOLS_PRIVATE_EXTERN = NO;
				INFOPLIST_FILE = "SimpleGeocodingTests/SimpleGeocodingTests-Info.plist";
				PRODUCT_NAME = "$(TARGET_NAME)";
				WRAPPER_EXTENSION = octest;
			};
			name = Release;
		};
/* End XCBuildConfiguration section */

/* Begin XCConfigurationList section */
		E0F9DDE116172811006325EF /* Build configuration list for PBXProject "SimpleGeocoding" */ = {
			isa = XCConfigurationList;
			buildConfigurations = (
				E0F9DE0A16172811006325EF /* Debug */,
				E0F9DE1916173B38006325EF /* Release */,
			);
			defaultConfigurationIsVisible = 0;
			defaultConfigurationName = Debug;
		};
		E0F9DE0C16172811006325EF /* Build configuration list for PBXNativeTarget "SimpleGeocoding" */ = {
			isa = XCConfigurationList;
			buildConfigurations = (
				E0F9DE0D16172811006325EF /* Debug */,
				E0F9DE1A16173B38006325EF /* Release */,
			);
			defaultConfigurationIsVisible = 0;
			defaultConfigurationName = Debug;
		};
		E0F9DE0F16172811006325EF /* Build configuration list for PBXNativeTarget "SimpleGeocodingTests" */ = {
			isa = XCConfigurationList;
			buildConfigurations = (
				E0F9DE1016172811006325EF /* Debug */,
				E0F9DE1B16173B38006325EF /* Release */,
			);
			defaultConfigurationIsVisible = 0;
			defaultConfigurationName = Debug;
		};
/* End XCConfigurationList section */
	};
	rootObject = E0F9DDDE16172811006325EF /* Project object */;
}
